
Microsoft Visual Studio Solution File, Format Version 12.00
# Visual Studio Version 16
VisualStudioVersion = 16.0.30002.166
MinimumVisualStudioVersion = 10.0.40219.1
Project("{2150E333-8FDC-42A3-9474-1A3956D46DE8}") = "UI", "UI", "{046AE8A9-6E91-48E4-A87C-6538B7DF1DBF}"
EndProject
Project("{2150E333-8FDC-42A3-9474-1A3956D46DE8}") = "Common", "Common", "{2D0620C6-A381-4B64-AAE1-A80CCFDD94E3}"
EndProject
Project("{2150E333-8FDC-42A3-9474-1A3956D46DE8}") = "Services", "Services", "{76DC8D87-37A9-4AED-9718-1BD00651220A}"
EndProject
Project("{9A19103F-16F7-4668-BE54-9A1E7A4F7556}") = "WebStore.Domain", "Common\WebStore.Domain\WebStore.Domain.csproj", "{ACBF53C1-8F7E-42F1-9F59-1A8A765ED856}"
EndProject
Project("{9A19103F-16F7-4668-BE54-9A1E7A4F7556}") = "WebStore.DAL", "Services\WebStore.DAL\WebStore.DAL.csproj", "{802D3AB1-D571-4DC7-A790-7EB2A5AFB61A}"
EndProject
Project("{9A19103F-16F7-4668-BE54-9A1E7A4F7556}") = "WebStore", "UI\WebStore\WebStore.csproj", "{4D7E7CA2-A345-4785-8278-5847868AD822}"
EndProject
Global
	GlobalSection(SolutionConfigurationPlatforms) = preSolution
		Debug|Any CPU = Debug|Any CPU
		Release|Any CPU = Release|Any CPU
	EndGlobalSection
	GlobalSection(ProjectConfigurationPlatforms) = postSolution
		{ACBF53C1-8F7E-42F1-9F59-1A8A765ED856}.Debug|Any CPU.ActiveCfg = Debug|Any CPU
		{ACBF53C1-8F7E-42F1-9F59-1A8A765ED856}.Debug|Any CPU.Build.0 = Debug|Any CPU
		{ACBF53C1-8F7E-42F1-9F59-1A8A765ED856}.Release|Any CPU.ActiveCfg = Release|Any CPU
		{ACBF53C1-8F7E-42F1-9F59-1A8A765ED856}.Release|Any CPU.Build.0 = Release|Any CPU
		{802D3AB1-D571-4DC7-A790-7EB2A5AFB61A}.Debug|Any CPU.ActiveCfg = Debug|Any CPU
		{802D3AB1-D571-4DC7-A790-7EB2A5AFB61A}.Debug|Any CPU.Build.0 = Debug|Any CPU
		{802D3AB1-D571-4DC7-A790-7EB2A5AFB61A}.Release|Any CPU.ActiveCfg = Release|Any CPU
		{802D3AB1-D571-4DC7-A790-7EB2A5AFB61A}.Release|Any CPU.Build.0 = Release|Any CPU
		{4D7E7CA2-A345-4785-8278-5847868AD822}.Debug|Any CPU.ActiveCfg = Debug|Any CPU
		{4D7E7CA2-A345-4785-8278-5847868AD822}.Debug|Any CPU.Build.0 = Debug|Any CPU
		{4D7E7CA2-A345-4785-8278-5847868AD822}.Release|Any CPU.ActiveCfg = Release|Any CPU
		{4D7E7CA2-A345-4785-8278-5847868AD822}.Release|Any CPU.Build.0 = Release|Any CPU
	EndGlobalSection
	GlobalSection(SolutionProperties) = preSolution
		HideSolutionNode = FALSE
	EndGlobalSection
	GlobalSection(NestedProjects) = preSolution
		{ACBF53C1-8F7E-42F1-9F59-1A8A765ED856} = {2D0620C6-A381-4B64-AAE1-A80CCFDD94E3}
		{802D3AB1-D571-4DC7-A790-7EB2A5AFB61A} = {76DC8D87-37A9-4AED-9718-1BD00651220A}
		{4D7E7CA2-A345-4785-8278-5847868AD822} = {046AE8A9-6E91-48E4-A87C-6538B7DF1DBF}
	EndGlobalSection
	GlobalSection(ExtensibilityGlobals) = postSolution
		SolutionGuid = {10A9EB1B-3264-4DA5-A150-D1580837E30B}
	EndGlobalSection
EndGlobal
