
Microsoft Visual Studio Solution File, Format Version 12.00
# Visual Studio Version 16
VisualStudioVersion = 16.0.30002.166
MinimumVisualStudioVersion = 10.0.40219.1
Project("{2150E333-8FDC-42A3-9474-1A3956D46DE8}") = "UI", "UI", "{046AE8A9-6E91-48E4-A87C-6538B7DF1DBF}"
EndProject
Project("{2150E333-8FDC-42A3-9474-1A3956D46DE8}") = "Common", "Common", "{2D0620C6-A381-4B64-AAE1-A80CCFDD94E3}"
EndProject
Project("{2150E333-8FDC-42A3-9474-1A3956D46DE8}") = "Services", "Services", "{76DC8D87-37A9-4AED-9718-1BD00651220A}"
EndProject
Project("{9A19103F-16F7-4668-BE54-9A1E7A4F7556}") = "WebStore.Domain", "Common\WebStore.Domain\WebStore.Domain.csproj", "{ACBF53C1-8F7E-42F1-9F59-1A8A765ED856}"
EndProject
Project("{9A19103F-16F7-4668-BE54-9A1E7A4F7556}") = "WebStore.DAL", "Services\WebStore.DAL\WebStore.DAL.csproj", "{802D3AB1-D571-4DC7-A790-7EB2A5AFB61A}"
EndProject
Project("{9A19103F-16F7-4668-BE54-9A1E7A4F7556}") = "WebStore", "UI\WebStore\WebStore.csproj", "{4D7E7CA2-A345-4785-8278-5847868AD822}"
EndProject
Project("{9A19103F-16F7-4668-BE54-9A1E7A4F7556}") = "WebStore.ServiceHosting", "Services\WebStore.ServiceHosting\WebStore.ServiceHosting.csproj", "{B91CFB20-8FD0-4F0B-A913-FF20670B3FDD}"
EndProject
Project("{9A19103F-16F7-4668-BE54-9A1E7A4F7556}") = "WebStore.Interfaces", "Services\WebStore.Interfaces\WebStore.Interfaces.csproj", "{56C12E15-545B-4A26-9A81-05107B1E66C3}"
EndProject
Project("{9A19103F-16F7-4668-BE54-9A1E7A4F7556}") = "WebStore.Services", "Services\WebStore.Services\WebStore.Services.csproj", "{F68665BE-4863-477D-B3B5-94636D61AEF8}"
EndProject
Project("{9A19103F-16F7-4668-BE54-9A1E7A4F7556}") = "WebStore.Clients", "Services\WebStore.Clients\WebStore.Clients.csproj", "{C8196B11-F5E1-4CB1-B034-D499C8863581}"
EndProject
Project("{FAE04EC0-301F-11D3-BF4B-00C04F79EFBC}") = "WebStore.Logger", "Common\WebStore.Logger\WebStore.Logger.csproj", "{7D187DCC-0AF4-4ADC-9EF6-54C447D31C26}"
EndProject
Global
	GlobalSection(SolutionConfigurationPlatforms) = preSolution
		Debug|Any CPU = Debug|Any CPU
		Release|Any CPU = Release|Any CPU
	EndGlobalSection
	GlobalSection(ProjectConfigurationPlatforms) = postSolution
		{ACBF53C1-8F7E-42F1-9F59-1A8A765ED856}.Debug|Any CPU.ActiveCfg = Debug|Any CPU
		{ACBF53C1-8F7E-42F1-9F59-1A8A765ED856}.Debug|Any CPU.Build.0 = Debug|Any CPU
		{ACBF53C1-8F7E-42F1-9F59-1A8A765ED856}.Release|Any CPU.ActiveCfg = Release|Any CPU
		{ACBF53C1-8F7E-42F1-9F59-1A8A765ED856}.Release|Any CPU.Build.0 = Release|Any CPU
		{802D3AB1-D571-4DC7-A790-7EB2A5AFB61A}.Debug|Any CPU.ActiveCfg = Debug|Any CPU
		{802D3AB1-D571-4DC7-A790-7EB2A5AFB61A}.Debug|Any CPU.Build.0 = Debug|Any CPU
		{802D3AB1-D571-4DC7-A790-7EB2A5AFB61A}.Release|Any CPU.ActiveCfg = Release|Any CPU
		{802D3AB1-D571-4DC7-A790-7EB2A5AFB61A}.Release|Any CPU.Build.0 = Release|Any CPU
		{4D7E7CA2-A345-4785-8278-5847868AD822}.Debug|Any CPU.ActiveCfg = Debug|Any CPU
		{4D7E7CA2-A345-4785-8278-5847868AD822}.Debug|Any CPU.Build.0 = Debug|Any CPU
		{4D7E7CA2-A345-4785-8278-5847868AD822}.Release|Any CPU.ActiveCfg = Release|Any CPU
		{4D7E7CA2-A345-4785-8278-5847868AD822}.Release|Any CPU.Build.0 = Release|Any CPU
		{B91CFB20-8FD0-4F0B-A913-FF20670B3FDD}.Debug|Any CPU.ActiveCfg = Debug|Any CPU
		{B91CFB20-8FD0-4F0B-A913-FF20670B3FDD}.Debug|Any CPU.Build.0 = Debug|Any CPU
		{B91CFB20-8FD0-4F0B-A913-FF20670B3FDD}.Release|Any CPU.ActiveCfg = Release|Any CPU
		{B91CFB20-8FD0-4F0B-A913-FF20670B3FDD}.Release|Any CPU.Build.0 = Release|Any CPU
		{56C12E15-545B-4A26-9A81-05107B1E66C3}.Debug|Any CPU.ActiveCfg = Debug|Any CPU
		{56C12E15-545B-4A26-9A81-05107B1E66C3}.Debug|Any CPU.Build.0 = Debug|Any CPU
		{56C12E15-545B-4A26-9A81-05107B1E66C3}.Release|Any CPU.ActiveCfg = Release|Any CPU
		{56C12E15-545B-4A26-9A81-05107B1E66C3}.Release|Any CPU.Build.0 = Release|Any CPU
		{F68665BE-4863-477D-B3B5-94636D61AEF8}.Debug|Any CPU.ActiveCfg = Debug|Any CPU
		{F68665BE-4863-477D-B3B5-94636D61AEF8}.Debug|Any CPU.Build.0 = Debug|Any CPU
		{F68665BE-4863-477D-B3B5-94636D61AEF8}.Release|Any CPU.ActiveCfg = Release|Any CPU
		{F68665BE-4863-477D-B3B5-94636D61AEF8}.Release|Any CPU.Build.0 = Release|Any CPU
		{C8196B11-F5E1-4CB1-B034-D499C8863581}.Debug|Any CPU.ActiveCfg = Debug|Any CPU
		{C8196B11-F5E1-4CB1-B034-D499C8863581}.Debug|Any CPU.Build.0 = Debug|Any CPU
		{C8196B11-F5E1-4CB1-B034-D499C8863581}.Release|Any CPU.ActiveCfg = Release|Any CPU
		{C8196B11-F5E1-4CB1-B034-D499C8863581}.Release|Any CPU.Build.0 = Release|Any CPU
		{7D187DCC-0AF4-4ADC-9EF6-54C447D31C26}.Debug|Any CPU.ActiveCfg = Debug|Any CPU
		{7D187DCC-0AF4-4ADC-9EF6-54C447D31C26}.Debug|Any CPU.Build.0 = Debug|Any CPU
		{7D187DCC-0AF4-4ADC-9EF6-54C447D31C26}.Release|Any CPU.ActiveCfg = Release|Any CPU
		{7D187DCC-0AF4-4ADC-9EF6-54C447D31C26}.Release|Any CPU.Build.0 = Release|Any CPU
	EndGlobalSection
	GlobalSection(SolutionProperties) = preSolution
		HideSolutionNode = FALSE
	EndGlobalSection
	GlobalSection(NestedProjects) = preSolution
		{ACBF53C1-8F7E-42F1-9F59-1A8A765ED856} = {2D0620C6-A381-4B64-AAE1-A80CCFDD94E3}
		{802D3AB1-D571-4DC7-A790-7EB2A5AFB61A} = {76DC8D87-37A9-4AED-9718-1BD00651220A}
		{4D7E7CA2-A345-4785-8278-5847868AD822} = {046AE8A9-6E91-48E4-A87C-6538B7DF1DBF}
		{B91CFB20-8FD0-4F0B-A913-FF20670B3FDD} = {76DC8D87-37A9-4AED-9718-1BD00651220A}
		{56C12E15-545B-4A26-9A81-05107B1E66C3} = {76DC8D87-37A9-4AED-9718-1BD00651220A}
		{F68665BE-4863-477D-B3B5-94636D61AEF8} = {76DC8D87-37A9-4AED-9718-1BD00651220A}
		{C8196B11-F5E1-4CB1-B034-D499C8863581} = {76DC8D87-37A9-4AED-9718-1BD00651220A}
		{7D187DCC-0AF4-4ADC-9EF6-54C447D31C26} = {2D0620C6-A381-4B64-AAE1-A80CCFDD94E3}
	EndGlobalSection
	GlobalSection(ExtensibilityGlobals) = postSolution
		SolutionGuid = {10A9EB1B-3264-4DA5-A150-D1580837E30B}
	EndGlobalSection
EndGlobal
